
Microsoft Visual Studio Solution File, Format Version 12.00
# Visual Studio 15
VisualStudioVersion = 15.0.28307.106
MinimumVisualStudioVersion = 10.0.40219.1
Project("{9A19103F-16F7-4668-BE54-9A1E7A4F7556}") = "ASPCoreWebAppFirst", "ASPCoreWebAppFirst\ASPCoreWebAppFirst.csproj", "{6F38C4B8-B9FC-40D0-8DF1-6C12CC2DC5ED}"
EndProject
Project("{FAE04EC0-301F-11D3-BF4B-00C04F79EFBC}") = "DIApp", "DIApp\DIApp.csproj", "{F3BA0F97-8287-400F-83DE-438B4A339B3D}"
EndProject
Project("{FAE04EC0-301F-11D3-BF4B-00C04F79EFBC}") = "ServicesLifeCycle", "ServicesLifeCycle\ServicesLifeCycle.csproj", "{5BBAF66E-6E35-494D-BC37-0FEAAE7EA097}"
EndProject
Project("{FAE04EC0-301F-11D3-BF4B-00C04F79EFBC}") = "RoutingApp", "RoutingApp\RoutingApp.csproj", "{4FB1D6D0-9A82-44BA-A6CB-EB10D046E2A9}"
EndProject
Global
	GlobalSection(SolutionConfigurationPlatforms) = preSolution
		Debug|Any CPU = Debug|Any CPU
		Release|Any CPU = Release|Any CPU
	EndGlobalSection
	GlobalSection(ProjectConfigurationPlatforms) = postSolution
		{6F38C4B8-B9FC-40D0-8DF1-6C12CC2DC5ED}.Debug|Any CPU.ActiveCfg = Debug|Any CPU
		{6F38C4B8-B9FC-40D0-8DF1-6C12CC2DC5ED}.Debug|Any CPU.Build.0 = Debug|Any CPU
		{6F38C4B8-B9FC-40D0-8DF1-6C12CC2DC5ED}.Release|Any CPU.ActiveCfg = Release|Any CPU
		{6F38C4B8-B9FC-40D0-8DF1-6C12CC2DC5ED}.Release|Any CPU.Build.0 = Release|Any CPU
		{F3BA0F97-8287-400F-83DE-438B4A339B3D}.Debug|Any CPU.ActiveCfg = Debug|Any CPU
		{F3BA0F97-8287-400F-83DE-438B4A339B3D}.Debug|Any CPU.Build.0 = Debug|Any CPU
		{F3BA0F97-8287-400F-83DE-438B4A339B3D}.Release|Any CPU.ActiveCfg = Release|Any CPU
		{F3BA0F97-8287-400F-83DE-438B4A339B3D}.Release|Any CPU.Build.0 = Release|Any CPU
		{5BBAF66E-6E35-494D-BC37-0FEAAE7EA097}.Debug|Any CPU.ActiveCfg = Debug|Any CPU
		{5BBAF66E-6E35-494D-BC37-0FEAAE7EA097}.Debug|Any CPU.Build.0 = Debug|Any CPU
		{5BBAF66E-6E35-494D-BC37-0FEAAE7EA097}.Release|Any CPU.ActiveCfg = Release|Any CPU
		{5BBAF66E-6E35-494D-BC37-0FEAAE7EA097}.Release|Any CPU.Build.0 = Release|Any CPU
		{4FB1D6D0-9A82-44BA-A6CB-EB10D046E2A9}.Debug|Any CPU.ActiveCfg = Debug|Any CPU
		{4FB1D6D0-9A82-44BA-A6CB-EB10D046E2A9}.Debug|Any CPU.Build.0 = Debug|Any CPU
		{4FB1D6D0-9A82-44BA-A6CB-EB10D046E2A9}.Release|Any CPU.ActiveCfg = Release|Any CPU
		{4FB1D6D0-9A82-44BA-A6CB-EB10D046E2A9}.Release|Any CPU.Build.0 = Release|Any CPU
	EndGlobalSection
	GlobalSection(SolutionProperties) = preSolution
		HideSolutionNode = FALSE
	EndGlobalSection
	GlobalSection(ExtensibilityGlobals) = postSolution
		SolutionGuid = {EAB8AA51-D426-4175-8C21-0BA842A58550}
	EndGlobalSection
EndGlobal
